
Microsoft Visual Studio Solution File, Format Version 12.00
# Visual Studio 15
VisualStudioVersion = 15.0.28307.168
MinimumVisualStudioVersion = 10.0.40219.1
Project("{FAE04EC0-301F-11D3-BF4B-00C04F79EFBC}") = "ItemSystemBase", "ItemSystemBase\ItemSystemBase.csproj", "{854A15E3-2D13-4543-8913-0CDBF6589078}"
EndProject
Project("{FAE04EC0-301F-11D3-BF4B-00C04F79EFBC}") = "ItemSystemBaseTests", "ItemSystemBaseTests\ItemSystemBaseTests.csproj", "{77A0F977-727A-4143-ABED-D11C2974D1DE}"
EndProject
Global
	GlobalSection(SolutionConfigurationPlatforms) = preSolution
		Debug|Any CPU = Debug|Any CPU
		Release|Any CPU = Release|Any CPU
	EndGlobalSection
	GlobalSection(ProjectConfigurationPlatforms) = postSolution
		{854A15E3-2D13-4543-8913-0CDBF6589078}.Debug|Any CPU.ActiveCfg = Debug|Any CPU
		{854A15E3-2D13-4543-8913-0CDBF6589078}.Debug|Any CPU.Build.0 = Debug|Any CPU
		{854A15E3-2D13-4543-8913-0CDBF6589078}.Release|Any CPU.ActiveCfg = Release|Any CPU
		{854A15E3-2D13-4543-8913-0CDBF6589078}.Release|Any CPU.Build.0 = Release|Any CPU
		{77A0F977-727A-4143-ABED-D11C2974D1DE}.Debug|Any CPU.ActiveCfg = Debug|Any CPU
		{77A0F977-727A-4143-ABED-D11C2974D1DE}.Debug|Any CPU.Build.0 = Debug|Any CPU
		{77A0F977-727A-4143-ABED-D11C2974D1DE}.Release|Any CPU.ActiveCfg = Release|Any CPU
		{77A0F977-727A-4143-ABED-D11C2974D1DE}.Release|Any CPU.Build.0 = Release|Any CPU
	EndGlobalSection
	GlobalSection(SolutionProperties) = preSolution
		HideSolutionNode = FALSE
	EndGlobalSection
	GlobalSection(ExtensibilityGlobals) = postSolution
		SolutionGuid = {0F6520D3-339D-413B-8CF3-BC3F8A3C4135}
	EndGlobalSection
EndGlobal
